<?xml version="1.0" encoding="utf-8"?>
<Project ToolsVersion="4.0" xmlns="http://schemas.microsoft.com/developer/msbuild/2003">
  <ItemGroup>
    <Filter Include="Libraries">
      <UniqueIdentifier>{0259E1F6-6EC3-956D-B701-471323AB73C2}</UniqueIdentifier>
    </Filter>
    <Filter Include="Libraries\SDL2-2.0.12">
      <UniqueIdentifier>{D4A2BFFF-400F-7BFA-0903-1358752E9D62}</UniqueIdentifier>
    </Filter>
    <Filter Include="Libraries\SDL2-2.0.12\include">
      <UniqueIdentifier>{475EDC7F-B376-C3A9-7C23-5343E8FA5743}</UniqueIdentifier>
    </Filter>
    <Filter Include="Libraries\SDL2-2.0.12\lib">
      <UniqueIdentifier>{FA8BD849-664E-0CD4-AFFE-9A601B00E5B1}</UniqueIdentifier>
    </Filter>
    <Filter Include="Libraries\SDL2-2.0.12\lib\x64">
      <UniqueIdentifier>{6BC4ED5A-D7DC-D484-A089-641E0C61691E}</UniqueIdentifier>
    </Filter>
    <Filter Include="Libraries\SDL2-2.0.12\lib\x86">
      <UniqueIdentifier>{AFC4ED5A-1BDD-D484-E489-641E5061691E}</UniqueIdentifier>
    </Filter>
    <Filter Include="src">
      <UniqueIdentifier>{2DAB880B-99B4-887C-2230-9F7C8E38947C}</UniqueIdentifier>
    </Filter>
    <Filter Include="src\Mob_Engine">
      <UniqueIdentifier>{2FEFDBD0-1BBD-CFD6-0451-40FDF0BDAB3B}</UniqueIdentifier>
    </Filter>
  </ItemGroup>
  <ItemGroup>
    <ClInclude Include="Libraries\SDL2-2.0.12\include\SDL.h">
      <Filter>Libraries\SDL2-2.0.12\include</Filter>
    </ClInclude>
    <ClInclude Include="Libraries\SDL2-2.0.12\include\SDL_assert.h">
      <Filter>Libraries\SDL2-2.0.12\include</Filter>
    </ClInclude>
    <ClInclude Include="Libraries\SDL2-2.0.12\include\SDL_atomic.h">
      <Filter>Libraries\SDL2-2.0.12\include</Filter>
    </ClInclude>
    <ClInclude Include="Libraries\SDL2-2.0.12\include\SDL_audio.h">
      <Filter>Libraries\SDL2-2.0.12\include</Filter>
    </ClInclude>
    <ClInclude Include="Libraries\SDL2-2.0.12\include\SDL_bits.h">
      <Filter>Libraries\SDL2-2.0.12\include</Filter>
    </ClInclude>
    <ClInclude Include="Libraries\SDL2-2.0.12\include\SDL_blendmode.h">
      <Filter>Libraries\SDL2-2.0.12\include</Filter>
    </ClInclude>
    <ClInclude Include="Libraries\SDL2-2.0.12\include\SDL_clipboard.h">
      <Filter>Libraries\SDL2-2.0.12\include</Filter>
    </ClInclude>
    <ClInclude Include="Libraries\SDL2-2.0.12\include\SDL_config.h">
      <Filter>Libraries\SDL2-2.0.12\include</Filter>
    </ClInclude>
    <ClInclude Include="Libraries\SDL2-2.0.12\include\SDL_config_android.h">
      <Filter>Libraries\SDL2-2.0.12\include</Filter>
    </ClInclude>
    <ClInclude Include="Libraries\SDL2-2.0.12\include\SDL_config_iphoneos.h">
      <Filter>Libraries\SDL2-2.0.12\include</Filter>
    </ClInclude>
    <ClInclude Include="Libraries\SDL2-2.0.12\include\SDL_config_macosx.h">
      <Filter>Libraries\SDL2-2.0.12\include</Filter>
    </ClInclude>
    <ClInclude Include="Libraries\SDL2-2.0.12\include\SDL_config_minimal.h">
      <Filter>Libraries\SDL2-2.0.12\include</Filter>
    </ClInclude>
    <ClInclude Include="Libraries\SDL2-2.0.12\include\SDL_config_pandora.h">
      <Filter>Libraries\SDL2-2.0.12\include</Filter>
    </ClInclude>
    <ClInclude Include="Libraries\SDL2-2.0.12\include\SDL_config_psp.h">
      <Filter>Libraries\SDL2-2.0.12\include</Filter>
    </ClInclude>
    <ClInclude Include="Libraries\SDL2-2.0.12\include\SDL_config_windows.h">
      <Filter>Libraries\SDL2-2.0.12\include</Filter>
    </ClInclude>
    <ClInclude Include="Libraries\SDL2-2.0.12\include\SDL_config_winrt.h">
      <Filter>Libraries\SDL2-2.0.12\include</Filter>
    </ClInclude>
    <ClInclude Include="Libraries\SDL2-2.0.12\include\SDL_config_wiz.h">
      <Filter>Libraries\SDL2-2.0.12\include</Filter>
    </ClInclude>
    <ClInclude Include="Libraries\SDL2-2.0.12\include\SDL_copying.h">
      <Filter>Libraries\SDL2-2.0.12\include</Filter>
    </ClInclude>
    <ClInclude Include="Libraries\SDL2-2.0.12\include\SDL_cpuinfo.h">
      <Filter>Libraries\SDL2-2.0.12\include</Filter>
    </ClInclude>
    <ClInclude Include="Libraries\SDL2-2.0.12\include\SDL_egl.h">
      <Filter>Libraries\SDL2-2.0.12\include</Filter>
    </ClInclude>
    <ClInclude Include="Libraries\SDL2-2.0.12\include\SDL_endian.h">
      <Filter>Libraries\SDL2-2.0.12\include</Filter>
    </ClInclude>
    <ClInclude Include="Libraries\SDL2-2.0.12\include\SDL_error.h">
      <Filter>Libraries\SDL2-2.0.12\include</Filter>
    </ClInclude>
    <ClInclude Include="Libraries\SDL2-2.0.12\include\SDL_events.h">
      <Filter>Libraries\SDL2-2.0.12\include</Filter>
    </ClInclude>
    <ClInclude Include="Libraries\SDL2-2.0.12\include\SDL_filesystem.h">
      <Filter>Libraries\SDL2-2.0.12\include</Filter>
    </ClInclude>
    <ClInclude Include="Libraries\SDL2-2.0.12\include\SDL_gamecontroller.h">
      <Filter>Libraries\SDL2-2.0.12\include</Filter>
    </ClInclude>
    <ClInclude Include="Libraries\SDL2-2.0.12\include\SDL_gesture.h">
      <Filter>Libraries\SDL2-2.0.12\include</Filter>
    </ClInclude>
    <ClInclude Include="Libraries\SDL2-2.0.12\include\SDL_haptic.h">
      <Filter>Libraries\SDL2-2.0.12\include</Filter>
    </ClInclude>
    <ClInclude Include="Libraries\SDL2-2.0.12\include\SDL_hints.h">
      <Filter>Libraries\SDL2-2.0.12\include</Filter>
    </ClInclude>
    <ClInclude Include="Libraries\SDL2-2.0.12\include\SDL_image.h">
      <Filter>Libraries\SDL2-2.0.12\include</Filter>
    </ClInclude>
    <ClInclude Include="Libraries\SDL2-2.0.12\include\SDL_joystick.h">
      <Filter>Libraries\SDL2-2.0.12\include</Filter>
    </ClInclude>
    <ClInclude Include="Libraries\SDL2-2.0.12\include\SDL_keyboard.h">
      <Filter>Libraries\SDL2-2.0.12\include</Filter>
    </ClInclude>
    <ClInclude Include="Libraries\SDL2-2.0.12\include\SDL_keycode.h">
      <Filter>Libraries\SDL2-2.0.12\include</Filter>
    </ClInclude>
    <ClInclude Include="Libraries\SDL2-2.0.12\include\SDL_loadso.h">
      <Filter>Libraries\SDL2-2.0.12\include</Filter>
    </ClInclude>
    <ClInclude Include="Libraries\SDL2-2.0.12\include\SDL_log.h">
      <Filter>Libraries\SDL2-2.0.12\include</Filter>
    </ClInclude>
    <ClInclude Include="Libraries\SDL2-2.0.12\include\SDL_main.h">
      <Filter>Libraries\SDL2-2.0.12\include</Filter>
    </ClInclude>
    <ClInclude Include="Libraries\SDL2-2.0.12\include\SDL_messagebox.h">
      <Filter>Libraries\SDL2-2.0.12\include</Filter>
    </ClInclude>
    <ClInclude Include="Libraries\SDL2-2.0.12\include\SDL_metal.h">
      <Filter>Libraries\SDL2-2.0.12\include</Filter>
    </ClInclude>
    <ClInclude Include="Libraries\SDL2-2.0.12\include\SDL_mouse.h">
      <Filter>Libraries\SDL2-2.0.12\include</Filter>
    </ClInclude>
    <ClInclude Include="Libraries\SDL2-2.0.12\include\SDL_mutex.h">
      <Filter>Libraries\SDL2-2.0.12\include</Filter>
    </ClInclude>
    <ClInclude Include="Libraries\SDL2-2.0.12\include\SDL_name.h">
      <Filter>Libraries\SDL2-2.0.12\include</Filter>
    </ClInclude>
    <ClInclude Include="Libraries\SDL2-2.0.12\include\SDL_opengl.h">
      <Filter>Libraries\SDL2-2.0.12\include</Filter>
    </ClInclude>
    <ClInclude Include="Libraries\SDL2-2.0.12\include\SDL_opengl_glext.h">
      <Filter>Libraries\SDL2-2.0.12\include</Filter>
    </ClInclude>
    <ClInclude Include="Libraries\SDL2-2.0.12\include\SDL_opengles.h">
      <Filter>Libraries\SDL2-2.0.12\include</Filter>
    </ClInclude>
    <ClInclude Include="Libraries\SDL2-2.0.12\include\SDL_opengles2.h">
      <Filter>Libraries\SDL2-2.0.12\include</Filter>
    </ClInclude>
    <ClInclude Include="Libraries\SDL2-2.0.12\include\SDL_opengles2_gl2.h">
      <Filter>Libraries\SDL2-2.0.12\include</Filter>
    </ClInclude>
    <ClInclude Include="Libraries\SDL2-2.0.12\include\SDL_opengles2_gl2ext.h">
      <Filter>Libraries\SDL2-2.0.12\include</Filter>
    </ClInclude>
    <ClInclude Include="Libraries\SDL2-2.0.12\include\SDL_opengles2_gl2platform.h">
      <Filter>Libraries\SDL2-2.0.12\include</Filter>
    </ClInclude>
    <ClInclude Include="Libraries\SDL2-2.0.12\include\SDL_opengles2_khrplatform.h">
      <Filter>Libraries\SDL2-2.0.12\include</Filter>
    </ClInclude>
    <ClInclude Include="Libraries\SDL2-2.0.12\include\SDL_pixels.h">
      <Filter>Libraries\SDL2-2.0.12\include</Filter>
    </ClInclude>
    <ClInclude Include="Libraries\SDL2-2.0.12\include\SDL_platform.h">
      <Filter>Libraries\SDL2-2.0.12\include</Filter>
    </ClInclude>
    <ClInclude Include="Libraries\SDL2-2.0.12\include\SDL_power.h">
      <Filter>Libraries\SDL2-2.0.12\include</Filter>
    </ClInclude>
    <ClInclude Include="Libraries\SDL2-2.0.12\include\SDL_quit.h">
      <Filter>Libraries\SDL2-2.0.12\include</Filter>
    </ClInclude>
    <ClInclude Include="Libraries\SDL2-2.0.12\include\SDL_rect.h">
      <Filter>Libraries\SDL2-2.0.12\include</Filter>
    </ClInclude>
    <ClInclude Include="Libraries\SDL2-2.0.12\include\SDL_render.h">
      <Filter>Libraries\SDL2-2.0.12\include</Filter>
    </ClInclude>
    <ClInclude Include="Libraries\SDL2-2.0.12\include\SDL_revision.h">
      <Filter>Libraries\SDL2-2.0.12\include</Filter>
    </ClInclude>
    <ClInclude Include="Libraries\SDL2-2.0.12\include\SDL_rwops.h">
      <Filter>Libraries\SDL2-2.0.12\include</Filter>
    </ClInclude>
    <ClInclude Include="Libraries\SDL2-2.0.12\include\SDL_scancode.h">
      <Filter>Libraries\SDL2-2.0.12\include</Filter>
    </ClInclude>
    <ClInclude Include="Libraries\SDL2-2.0.12\include\SDL_sensor.h">
      <Filter>Libraries\SDL2-2.0.12\include</Filter>
    </ClInclude>
    <ClInclude Include="Libraries\SDL2-2.0.12\include\SDL_shape.h">
      <Filter>Libraries\SDL2-2.0.12\include</Filter>
    </ClInclude>
    <ClInclude Include="Libraries\SDL2-2.0.12\include\SDL_stdinc.h">
      <Filter>Libraries\SDL2-2.0.12\include</Filter>
    </ClInclude>
    <ClInclude Include="Libraries\SDL2-2.0.12\include\SDL_surface.h">
      <Filter>Libraries\SDL2-2.0.12\include</Filter>
    </ClInclude>
    <ClInclude Include="Libraries\SDL2-2.0.12\include\SDL_system.h">
      <Filter>Libraries\SDL2-2.0.12\include</Filter>
    </ClInclude>
    <ClInclude Include="Libraries\SDL2-2.0.12\include\SDL_syswm.h">
      <Filter>Libraries\SDL2-2.0.12\include</Filter>
    </ClInclude>
    <ClInclude Include="Libraries\SDL2-2.0.12\include\SDL_test.h">
      <Filter>Libraries\SDL2-2.0.12\include</Filter>
    </ClInclude>
    <ClInclude Include="Libraries\SDL2-2.0.12\include\SDL_test_assert.h">
      <Filter>Libraries\SDL2-2.0.12\include</Filter>
    </ClInclude>
    <ClInclude Include="Libraries\SDL2-2.0.12\include\SDL_test_common.h">
      <Filter>Libraries\SDL2-2.0.12\include</Filter>
    </ClInclude>
    <ClInclude Include="Libraries\SDL2-2.0.12\include\SDL_test_compare.h">
      <Filter>Libraries\SDL2-2.0.12\include</Filter>
    </ClInclude>
    <ClInclude Include="Libraries\SDL2-2.0.12\include\SDL_test_crc32.h">
      <Filter>Libraries\SDL2-2.0.12\include</Filter>
    </ClInclude>
    <ClInclude Include="Libraries\SDL2-2.0.12\include\SDL_test_font.h">
      <Filter>Libraries\SDL2-2.0.12\include</Filter>
    </ClInclude>
    <ClInclude Include="Libraries\SDL2-2.0.12\include\SDL_test_fuzzer.h">
      <Filter>Libraries\SDL2-2.0.12\include</Filter>
    </ClInclude>
    <ClInclude Include="Libraries\SDL2-2.0.12\include\SDL_test_harness.h">
      <Filter>Libraries\SDL2-2.0.12\include</Filter>
    </ClInclude>
    <ClInclude Include="Libraries\SDL2-2.0.12\include\SDL_test_images.h">
      <Filter>Libraries\SDL2-2.0.12\include</Filter>
    </ClInclude>
    <ClInclude Include="Libraries\SDL2-2.0.12\include\SDL_test_log.h">
      <Filter>Libraries\SDL2-2.0.12\include</Filter>
    </ClInclude>
    <ClInclude Include="Libraries\SDL2-2.0.12\include\SDL_test_md5.h">
      <Filter>Libraries\SDL2-2.0.12\include</Filter>
    </ClInclude>
    <ClInclude Include="Libraries\SDL2-2.0.12\include\SDL_test_memory.h">
      <Filter>Libraries\SDL2-2.0.12\include</Filter>
    </ClInclude>
    <ClInclude Include="Libraries\SDL2-2.0.12\include\SDL_test_random.h">
      <Filter>Libraries\SDL2-2.0.12\include</Filter>
    </ClInclude>
    <ClInclude Include="Libraries\SDL2-2.0.12\include\SDL_thread.h">
      <Filter>Libraries\SDL2-2.0.12\include</Filter>
    </ClInclude>
    <ClInclude Include="Libraries\SDL2-2.0.12\include\SDL_timer.h">
      <Filter>Libraries\SDL2-2.0.12\include</Filter>
    </ClInclude>
    <ClInclude Include="Libraries\SDL2-2.0.12\include\SDL_touch.h">
      <Filter>Libraries\SDL2-2.0.12\include</Filter>
    </ClInclude>
    <ClInclude Include="Libraries\SDL2-2.0.12\include\SDL_types.h">
      <Filter>Libraries\SDL2-2.0.12\include</Filter>
    </ClInclude>
    <ClInclude Include="Libraries\SDL2-2.0.12\include\SDL_version.h">
      <Filter>Libraries\SDL2-2.0.12\include</Filter>
    </ClInclude>
    <ClInclude Include="Libraries\SDL2-2.0.12\include\SDL_video.h">
      <Filter>Libraries\SDL2-2.0.12\include</Filter>
    </ClInclude>
    <ClInclude Include="Libraries\SDL2-2.0.12\include\SDL_vulkan.h">
      <Filter>Libraries\SDL2-2.0.12\include</Filter>
    </ClInclude>
    <ClInclude Include="Libraries\SDL2-2.0.12\include\begin_code.h">
      <Filter>Libraries\SDL2-2.0.12\include</Filter>
    </ClInclude>
    <ClInclude Include="Libraries\SDL2-2.0.12\include\close_code.h">
      <Filter>Libraries\SDL2-2.0.12\include</Filter>
    </ClInclude>
    <ClInclude Include="src\MOB_Engine.h">
      <Filter>src</Filter>
    </ClInclude>
    <ClInclude Include="src\Mob_Engine\Core.h">
      <Filter>src\Mob_Engine</Filter>
    </ClInclude>
    <ClInclude Include="src\Mob_Engine\IComponent.h">
      <Filter>src\Mob_Engine</Filter>
    </ClInclude>
    <ClInclude Include="src\Mob_Engine\IDrawable.h">
      <Filter>src\Mob_Engine</Filter>
    </ClInclude>
    <ClInclude Include="src\Mob_Engine\IEntity.h">
      <Filter>src\Mob_Engine</Filter>
    </ClInclude>
    <ClInclude Include="src\Mob_Engine\ISystem.h">
      <Filter>src\Mob_Engine</Filter>
    </ClInclude>
    <ClInclude Include="src\Mob_Engine\MOB_Application.h">
      <Filter>src\Mob_Engine</Filter>
    </ClInclude>
    <ClInclude Include="src\Mob_Engine\MOB_ComponentFactory.h">
      <Filter>src\Mob_Engine</Filter>
    </ClInclude>
    <ClInclude Include="src\Mob_Engine\MOB_EntityManager.h">
      <Filter>src\Mob_Engine</Filter>
    </ClInclude>
    <ClInclude Include="src\Mob_Engine\MOB_GameObject.h">
      <Filter>src\Mob_Engine</Filter>
    </ClInclude>
    <ClInclude Include="src\Mob_Engine\MOB_RenderingComponent.h">
      <Filter>src\Mob_Engine</Filter>
    </ClInclude>
    <ClInclude Include="src\Mob_Engine\MOB_RenderingSystem.h">
      <Filter>src\Mob_Engine</Filter>
    </ClInclude>
    <ClInclude Include="src\Mob_Engine\MOB_Sprite.h">
      <Filter>src\Mob_Engine</Filter>
    </ClInclude>
    <ClInclude Include="src\Mob_Engine\MOB_TransformComponent.h">
      <Filter>src\Mob_Engine</Filter>
    </ClInclude>
  </ItemGroup>
  <ItemGroup>
    <ClCompile Include="src\Mob_Engine\IComponent.cpp">
      <Filter>src\Mob_Engine</Filter>
    </ClCompile>
    <ClCompile Include="src\Mob_Engine\IDrawable.cpp">
      <Filter>src\Mob_Engine</Filter>
    </ClCompile>
    <ClCompile Include="src\Mob_Engine\IEntity.cpp">
      <Filter>src\Mob_Engine</Filter>
    </ClCompile>
    <ClCompile Include="src\Mob_Engine\MOB_Application.cpp">
      <Filter>src\Mob_Engine</Filter>
    </ClCompile>
    <ClCompile Include="src\Mob_Engine\MOB_ComponentFactory.cpp">
      <Filter>src\Mob_Engine</Filter>
    </ClCompile>
    <ClCompile Include="src\Mob_Engine\MOB_EntityManager.cpp">
      <Filter>src\Mob_Engine</Filter>
    </ClCompile>
    <ClCompile Include="src\Mob_Engine\MOB_GameObject.cpp">
      <Filter>src\Mob_Engine</Filter>
    </ClCompile>
    <ClCompile Include="src\Mob_Engine\MOB_RenderingComponent.cpp">
      <Filter>src\Mob_Engine</Filter>
    </ClCompile>
    <ClCompile Include="src\Mob_Engine\MOB_RenderingSystem.cpp">
      <Filter>src\Mob_Engine</Filter>
    </ClCompile>
    <ClCompile Include="src\Mob_Engine\MOB_Sprite.cpp">
      <Filter>src\Mob_Engine</Filter>
    </ClCompile>
    <ClCompile Include="src\Mob_Engine\MOB_TransformComponent.cpp">
      <Filter>src\Mob_Engine</Filter>
    </ClCompile>
  </ItemGroup>
  <ItemGroup>
    <None Include="Libraries\SDL2-2.0.12\lib\x64\SDL2.dll">
      <Filter>Libraries\SDL2-2.0.12\lib\x64</Filter>
    </None>
    <None Include="Libraries\SDL2-2.0.12\lib\x64\SDL2.lib">
      <Filter>Libraries\SDL2-2.0.12\lib\x64</Filter>
    </None>
    <None Include="Libraries\SDL2-2.0.12\lib\x64\SDL2_image.dll">
      <Filter>Libraries\SDL2-2.0.12\lib\x64</Filter>
    </None>
    <None Include="Libraries\SDL2-2.0.12\lib\x64\SDL2_image.lib">
      <Filter>Libraries\SDL2-2.0.12\lib\x64</Filter>
    </None>
    <None Include="Libraries\SDL2-2.0.12\lib\x64\SDL2main.lib">
      <Filter>Libraries\SDL2-2.0.12\lib\x64</Filter>
    </None>
    <None Include="Libraries\SDL2-2.0.12\lib\x64\SDL2test.lib">
      <Filter>Libraries\SDL2-2.0.12\lib\x64</Filter>
    </None>
    <None Include="Libraries\SDL2-2.0.12\lib\x64\libjpeg-9.dll">
      <Filter>Libraries\SDL2-2.0.12\lib\x64</Filter>
    </None>
    <None Include="Libraries\SDL2-2.0.12\lib\x64\libpng16-16.dll">
      <Filter>Libraries\SDL2-2.0.12\lib\x64</Filter>
    </None>
    <None Include="Libraries\SDL2-2.0.12\lib\x64\libtiff-5.dll">
      <Filter>Libraries\SDL2-2.0.12\lib\x64</Filter>
    </None>
    <None Include="Libraries\SDL2-2.0.12\lib\x64\libwebp-7.dll">
      <Filter>Libraries\SDL2-2.0.12\lib\x64</Filter>
    </None>
    <None Include="Libraries\SDL2-2.0.12\lib\x64\zlib1.dll">
      <Filter>Libraries\SDL2-2.0.12\lib\x64</Filter>
    </None>
    <None Include="Libraries\SDL2-2.0.12\lib\x86\SDL2.dll">
      <Filter>Libraries\SDL2-2.0.12\lib\x86</Filter>
    </None>
    <None Include="Libraries\SDL2-2.0.12\lib\x86\SDL2.lib">
      <Filter>Libraries\SDL2-2.0.12\lib\x86</Filter>
    </None>
    <None Include="Libraries\SDL2-2.0.12\lib\x86\SDL2main.lib">
      <Filter>Libraries\SDL2-2.0.12\lib\x86</Filter>
    </None>
    <None Include="Libraries\SDL2-2.0.12\lib\x86\SDL2test.lib">
      <Filter>Libraries\SDL2-2.0.12\lib\x86</Filter>
    </None>
    <None Include="SDL2.dll" />
    <None Include="SDL2_image.dll" />
    <None Include="libpng16-16.dll" />
    <None Include="zlib1.dll" />
  </ItemGroup>
</Project>